{
  "version": 4,
  "terraform_version": "0.12.29",
  "serial": 3,
  "lineage": "ab215c31-8309-4bca-825b-9b993d6470dd",
  "outputs": {},
  "resources": [
    {
      "mode": "managed",
      "type": "azurerm_container_group",
      "name": "hello-world",
      "provider": "provider.azurerm",
      "instances": [
        {
          "schema_version": 0,
          "attributes": {
            "container": [
              {
                "commands": [],
                "cpu": 0.5,
                "environment_variables": null,
                "gpu": [],
                "image": "richikm/node-test-app:1.0",
                "liveness_probe": [],
                "memory": 1.5,
                "name": "hello-world",
                "ports": [
                  {
                    "port": 3000,
                    "protocol": "TCP"
                  }
                ],
                "readiness_probe": [],
                "secure_environment_variables": null,
                "volume": []
              }
            ],
            "diagnostics": [],
            "dns_config": [],
            "dns_name_label": "ric-node-test",
            "fqdn": "ric-node-test.westeurope.azurecontainer.io",
            "id": "/subscriptions/84fd6a47-6b83-41b3-8e8d-ca905dae3001/resourceGroups/ContainerRG/providers/Microsoft.ContainerInstance/containerGroups/example-continst",
            "identity": [],
            "image_registry_credential": [],
            "ip_address": "20.73.36.160",
            "ip_address_type": "Public",
            "location": "westeurope",
            "name": "example-continst",
            "network_profile_id": null,
            "os_type": "Linux",
            "resource_group_name": "ContainerRG",
            "restart_policy": "Always",
            "tags": null,
            "timeouts": null
          },
          "private": "eyJlMmJmYjczMC1lY2FhLTExZTYtOGY4OC0zNDM2M2JjN2M0YzAiOnsiY3JlYXRlIjoxODAwMDAwMDAwMDAwLCJkZWxldGUiOjE4MDAwMDAwMDAwMDAsInJlYWQiOjMwMDAwMDAwMDAwMCwidXBkYXRlIjoxODAwMDAwMDAwMDAwfX0=",
          "dependencies": [
            "azurerm_resource_group.containerRG"
          ]
        }
      ]
    },
    {
      "mode": "managed",
      "type": "azurerm_resource_group",
      "name": "containerRG",
      "provider": "provider.azurerm",
      "instances": [
        {
          "schema_version": 0,
          "attributes": {
            "id": "/subscriptions/84fd6a47-6b83-41b3-8e8d-ca905dae3001/resourceGroups/ContainerRG",
            "location": "westeurope",
            "name": "ContainerRG",
            "tags": null,
            "timeouts": null
          },
          "private": "eyJlMmJmYjczMC1lY2FhLTExZTYtOGY4OC0zNDM2M2JjN2M0YzAiOnsiY3JlYXRlIjo1NDAwMDAwMDAwMDAwLCJkZWxldGUiOjU0MDAwMDAwMDAwMDAsInJlYWQiOjMwMDAwMDAwMDAwMCwidXBkYXRlIjo1NDAwMDAwMDAwMDAwfX0="
        }
      ]
    }
  ]
}
